
Microsoft Visual Studio Solution File, Format Version 12.00
# Visual Studio Version 16
VisualStudioVersion = 16.0.29123.88
MinimumVisualStudioVersion = 10.0.40219.1
Project("{FAE04EC0-301F-11D3-BF4B-00C04F79EFBC}") = "Alpha", "Alpha\Alpha.csproj", "{C899ED00-6723-444C-8424-E87985A4A72B}"
EndProject
Project("{FAE04EC0-301F-11D3-BF4B-00C04F79EFBC}") = "Bravo", "Bravo\Bravo.csproj", "{A57CA24C-2093-4A2C-889A-95D3B60483DF}"
EndProject
Project("{FAE04EC0-301F-11D3-BF4B-00C04F79EFBC}") = "Charlie", "Charlie\Charlie.csproj", "{C6F9B343-44E6-462F-A402-C263FF1E9BB1}"
EndProject
Global
	GlobalSection(SolutionConfigurationPlatforms) = preSolution
		Debug|Any CPU = Debug|Any CPU
		Release|Any CPU = Release|Any CPU
	EndGlobalSection
	GlobalSection(ProjectConfigurationPlatforms) = postSolution
		{C899ED00-6723-444C-8424-E87985A4A72B}.Debug|Any CPU.ActiveCfg = Debug|Any CPU
		{C899ED00-6723-444C-8424-E87985A4A72B}.Debug|Any CPU.Build.0 = Debug|Any CPU
		{C899ED00-6723-444C-8424-E87985A4A72B}.Release|Any CPU.ActiveCfg = Release|Any CPU
		{C899ED00-6723-444C-8424-E87985A4A72B}.Release|Any CPU.Build.0 = Release|Any CPU
		{A57CA24C-2093-4A2C-889A-95D3B60483DF}.Debug|Any CPU.ActiveCfg = Debug|Any CPU
		{A57CA24C-2093-4A2C-889A-95D3B60483DF}.Debug|Any CPU.Build.0 = Debug|Any CPU
		{A57CA24C-2093-4A2C-889A-95D3B60483DF}.Release|Any CPU.ActiveCfg = Release|Any CPU
		{A57CA24C-2093-4A2C-889A-95D3B60483DF}.Release|Any CPU.Build.0 = Release|Any CPU
		{C6F9B343-44E6-462F-A402-C263FF1E9BB1}.Debug|Any CPU.ActiveCfg = Debug|Any CPU
		{C6F9B343-44E6-462F-A402-C263FF1E9BB1}.Debug|Any CPU.Build.0 = Debug|Any CPU
		{C6F9B343-44E6-462F-A402-C263FF1E9BB1}.Release|Any CPU.ActiveCfg = Release|Any CPU
		{C6F9B343-44E6-462F-A402-C263FF1E9BB1}.Release|Any CPU.Build.0 = Release|Any CPU
	EndGlobalSection
	GlobalSection(SolutionProperties) = preSolution
		HideSolutionNode = FALSE
	EndGlobalSection
	GlobalSection(ExtensibilityGlobals) = postSolution
		SolutionGuid = {99F07395-7AA9-4A90-B433-682C9F369D4A}
	EndGlobalSection
EndGlobal
